lockfileVersion: 5.4

specifiers:
  '@tresjs/core': 2.0.0-alpha.1
  '@vitejs/plugin-vue': ^4.1.0
  typescript: ^4.9.3
  vite: ^4.2.0
  vue: ^3.2.47
  vue-router: ^4.1.6
  vue-tsc: ^1.2.0

dependencies:
  '@tresjs/core': 2.0.0-alpha.1_vue@3.2.47
  vue: 3.2.47
  vue-router: 4.1.6_vue@3.2.47

devDependencies:
  '@vitejs/plugin-vue': 4.1.0_vite@4.2.1+vue@3.2.47
  typescript: 4.9.5
  vite: 4.2.1
  vue-tsc: 1.2.0_typescript@4.9.5

packages:

  /@alvarosabu/utils/2.3.0:
    resolution: {integrity: sha512-Uf+loPdTfNDPIOMCQlBVC9Db+UnmXVn/MTyVZNjPHmp2noOyux/U/vfjhJROGUvnHZxdYIMEpWVeTI/i/VCUJQ==}
    dev: false

  /@babel/helper-string-parser/7.19.4:
    resolution: {integrity: sha512-nHtDoQcuqFmwYNYPz3Rah5ph2p8PFeFCsZk9A/48dPc/rGocJ5J3hAAZ7pb76VWX3fZKu+uEr/FhH5jLx7umrw==}
    engines: {node: '>=6.9.0'}

  /@babel/helper-validator-identifier/7.19.1:
    resolution: {integrity: sha512-awrNfaMtnHUr653GgGEs++LlAvW6w+DcPrOliSMXWCKo597CwL5Acf/wWdNkf/tfEQE3mjkeD1YOVZOUV/od1w==}
    engines: {node: '>=6.9.0'}

  /@babel/parser/7.21.3:
    resolution: {integrity: sha512-lobG0d7aOfQRXh8AyklEAgZGvA4FShxo6xQbUrrT/cNBPUdIDojlokwJsQyCC/eKia7ifqM0yP+2DRZ4WKw2RQ==}
    engines: {node: '>=6.0.0'}
    hasBin: true
    dependencies:
      '@babel/types': 7.21.3

  /@babel/types/7.21.3:
    resolution: {integrity: sha512-sBGdETxC+/M4o/zKC0sl6sjWv62WFR/uzxrJ6uYyMLZOUlPnwzw0tKgVHOXxaAd5l2g8pEDM5RZ495GPQI77kg==}
    engines: {node: '>=6.9.0'}
    dependencies:
      '@babel/helper-string-parser': 7.19.4
      '@babel/helper-validator-identifier': 7.19.1
      to-fast-properties: 2.0.0

  /@esbuild/android-arm/0.17.12:
    resolution: {integrity: sha512-E/sgkvwoIfj4aMAPL2e35VnUJspzVYl7+M1B2cqeubdBhADV4uPon0KCc8p2G+LqSJ6i8ocYPCqY3A4GGq0zkQ==}
    engines: {node: '>=12'}
    cpu: [arm]
    os: [android]
    requiresBuild: true
    dev: true
    optional: true

  /@esbuild/android-arm64/0.17.12:
    resolution: {integrity: sha512-WQ9p5oiXXYJ33F2EkE3r0FRDFVpEdcDiwNX3u7Xaibxfx6vQE0Sb8ytrfQsA5WO6kDn6mDfKLh6KrPBjvkk7xA==}
    engines: {node: '>=12'}
    cpu: [arm64]
    os: [android]
    requiresBuild: true
    dev: true
    optional: true

  /@esbuild/android-x64/0.17.12:
    resolution: {integrity: sha512-m4OsaCr5gT+se25rFPHKQXARMyAehHTQAz4XX1Vk3d27VtqiX0ALMBPoXZsGaB6JYryCLfgGwUslMqTfqeLU0w==}
    engines: {node: '>=12'}
    cpu: [x64]
    os: [android]
    requiresBuild: true
    dev: true
    optional: true

  /@esbuild/darwin-arm64/0.17.12:
    resolution: {integrity: sha512-O3GCZghRIx+RAN0NDPhyyhRgwa19MoKlzGonIb5hgTj78krqp9XZbYCvFr9N1eUxg0ZQEpiiZ4QvsOQwBpP+lg==}
    engines: {node: '>=12'}
    cpu: [arm64]
    os: [darwin]
    requiresBuild: true
    dev: true
    optional: true

  /@esbuild/darwin-x64/0.17.12:
    resolution: {integrity: sha512-5D48jM3tW27h1qjaD9UNRuN+4v0zvksqZSPZqeSWggfMlsVdAhH3pwSfQIFJwcs9QJ9BRibPS4ViZgs3d2wsCA==}
    engines: {node: '>=12'}
    cpu: [x64]
    os: [darwin]
    requiresBuild: true
    dev: true
    optional: true

  /@esbuild/freebsd-arm64/0.17.12:
    resolution: {integrity: sha512-OWvHzmLNTdF1erSvrfoEBGlN94IE6vCEaGEkEH29uo/VoONqPnoDFfShi41Ew+yKimx4vrmmAJEGNoyyP+OgOQ==}
    engines: {node: '>=12'}
    cpu: [arm64]
    os: [freebsd]
    requiresBuild: true
    dev: true
    optional: true

  /@esbuild/freebsd-x64/0.17.12:
    resolution: {integrity: sha512-A0Xg5CZv8MU9xh4a+7NUpi5VHBKh1RaGJKqjxe4KG87X+mTjDE6ZvlJqpWoeJxgfXHT7IMP9tDFu7IZ03OtJAw==}
    engines: {node: '>=12'}
    cpu: [x64]
    os: [freebsd]
    requiresBuild: true
    dev: true
    optional: true

  /@esbuild/linux-arm/0.17.12:
    resolution: {integrity: sha512-WsHyJ7b7vzHdJ1fv67Yf++2dz3D726oO3QCu8iNYik4fb5YuuReOI9OtA+n7Mk0xyQivNTPbl181s+5oZ38gyA==}
    engines: {node: '>=12'}
    cpu: [arm]
    os: [linux]
    requiresBuild: true
    dev: true
    optional: true

  /@esbuild/linux-arm64/0.17.12:
    resolution: {integrity: sha512-cK3AjkEc+8v8YG02hYLQIQlOznW+v9N+OI9BAFuyqkfQFR+DnDLhEM5N8QRxAUz99cJTo1rLNXqRrvY15gbQUg==}
    engines: {node: '>=12'}
    cpu: [arm64]
    os: [linux]
    requiresBuild: true
    dev: true
    optional: true

  /@esbuild/linux-ia32/0.17.12:
    resolution: {integrity: sha512-jdOBXJqcgHlah/nYHnj3Hrnl9l63RjtQ4vn9+bohjQPI2QafASB5MtHAoEv0JQHVb/xYQTFOeuHnNYE1zF7tYw==}
    engines: {node: '>=12'}
    cpu: [ia32]
    os: [linux]
    requiresBuild: true
    dev: true
    optional: true

  /@esbuild/linux-loong64/0.17.12:
    resolution: {integrity: sha512-GTOEtj8h9qPKXCyiBBnHconSCV9LwFyx/gv3Phw0pa25qPYjVuuGZ4Dk14bGCfGX3qKF0+ceeQvwmtI+aYBbVA==}
    engines: {node: '>=12'}
    cpu: [loong64]
    os: [linux]
    requiresBuild: true
    dev: true
    optional: true

  /@esbuild/linux-mips64el/0.17.12:
    resolution: {integrity: sha512-o8CIhfBwKcxmEENOH9RwmUejs5jFiNoDw7YgS0EJTF6kgPgcqLFjgoc5kDey5cMHRVCIWc6kK2ShUePOcc7RbA==}
    engines: {node: '>=12'}
    cpu: [mips64el]
    os: [linux]
    requiresBuild: true
    dev: true
    optional: true

  /@esbuild/linux-ppc64/0.17.12:
    resolution: {integrity: sha512-biMLH6NR/GR4z+ap0oJYb877LdBpGac8KfZoEnDiBKd7MD/xt8eaw1SFfYRUeMVx519kVkAOL2GExdFmYnZx3A==}
    engines: {node: '>=12'}
    cpu: [ppc64]
    os: [linux]
    requiresBuild: true
    dev: true
    optional: true

  /@esbuild/linux-riscv64/0.17.12:
    resolution: {integrity: sha512-jkphYUiO38wZGeWlfIBMB72auOllNA2sLfiZPGDtOBb1ELN8lmqBrlMiucgL8awBw1zBXN69PmZM6g4yTX84TA==}
    engines: {node: '>=12'}
    cpu: [riscv64]
    os: [linux]
    requiresBuild: true
    dev: true
    optional: true

  /@esbuild/linux-s390x/0.17.12:
    resolution: {integrity: sha512-j3ucLdeY9HBcvODhCY4b+Ds3hWGO8t+SAidtmWu/ukfLLG/oYDMaA+dnugTVAg5fnUOGNbIYL9TOjhWgQB8W5g==}
    engines: {node: '>=12'}
    cpu: [s390x]
    os: [linux]
    requiresBuild: true
    dev: true
    optional: true

  /@esbuild/linux-x64/0.17.12:
    resolution: {integrity: sha512-uo5JL3cgaEGotaqSaJdRfFNSCUJOIliKLnDGWaVCgIKkHxwhYMm95pfMbWZ9l7GeW9kDg0tSxcy9NYdEtjwwmA==}
    engines: {node: '>=12'}
    cpu: [x64]
    os: [linux]
    requiresBuild: true
    dev: true
    optional: true

  /@esbuild/netbsd-x64/0.17.12:
    resolution: {integrity: sha512-DNdoRg8JX+gGsbqt2gPgkgb00mqOgOO27KnrWZtdABl6yWTST30aibGJ6geBq3WM2TIeW6COs5AScnC7GwtGPg==}
    engines: {node: '>=12'}
    cpu: [x64]
    os: [netbsd]
    requiresBuild: true
    dev: true
    optional: true

  /@esbuild/openbsd-x64/0.17.12:
    resolution: {integrity: sha512-aVsENlr7B64w8I1lhHShND5o8cW6sB9n9MUtLumFlPhG3elhNWtE7M1TFpj3m7lT3sKQUMkGFjTQBrvDDO1YWA==}
    engines: {node: '>=12'}
    cpu: [x64]
    os: [openbsd]
    requiresBuild: true
    dev: true
    optional: true

  /@esbuild/sunos-x64/0.17.12:
    resolution: {integrity: sha512-qbHGVQdKSwi0JQJuZznS4SyY27tYXYF0mrgthbxXrZI3AHKuRvU+Eqbg/F0rmLDpW/jkIZBlCO1XfHUBMNJ1pg==}
    engines: {node: '>=12'}
    cpu: [x64]
    os: [sunos]
    requiresBuild: true
    dev: true
    optional: true

  /@esbuild/win32-arm64/0.17.12:
    resolution: {integrity: sha512-zsCp8Ql+96xXTVTmm6ffvoTSZSV2B/LzzkUXAY33F/76EajNw1m+jZ9zPfNJlJ3Rh4EzOszNDHsmG/fZOhtqDg==}
    engines: {node: '>=12'}
    cpu: [arm64]
    os: [win32]
    requiresBuild: true
    dev: true
    optional: true

  /@esbuild/win32-ia32/0.17.12:
    resolution: {integrity: sha512-FfrFjR4id7wcFYOdqbDfDET3tjxCozUgbqdkOABsSFzoZGFC92UK7mg4JKRc/B3NNEf1s2WHxJ7VfTdVDPN3ng==}
    engines: {node: '>=12'}
    cpu: [ia32]
    os: [win32]
    requiresBuild: true
    dev: true
    optional: true

  /@esbuild/win32-x64/0.17.12:
    resolution: {integrity: sha512-JOOxw49BVZx2/5tW3FqkdjSD/5gXYeVGPDcB0lvap0gLQshkh1Nyel1QazC+wNxus3xPlsYAgqU1BUmrmCvWtw==}
    engines: {node: '>=12'}
    cpu: [x64]
    os: [win32]
    requiresBuild: true
    dev: true
    optional: true

  /@tresjs/core/2.0.0-alpha.1_vue@3.2.47:
    resolution: {integrity: sha512-yxsVnhKmpzsvDzr35wLymHj42sK3DIN32RJHc4o2Ds1R8K6dOL/Qh7hs5QSG+Ebydi2oDSlmLp3Qv3lK+4qxHA==}
    peerDependencies:
      three: latest
      vue: ^3.2.47
    dependencies:
      '@alvarosabu/utils': 2.3.0
      '@vueuse/core': 9.13.0_vue@3.2.47
      vue: 3.2.47
    transitivePeerDependencies:
      - '@vue/composition-api'
    dev: false

  /@types/web-bluetooth/0.0.16:
    resolution: {integrity: sha512-oh8q2Zc32S6gd/j50GowEjKLoOVOwHP/bWVjKJInBwQqdOYMdPrf1oVlelTlyfFK3CKxL1uahMDAr+vy8T7yMQ==}
    dev: false

  /@vitejs/plugin-vue/4.1.0_vite@4.2.1+vue@3.2.47:
    resolution: {integrity: sha512-++9JOAFdcXI3lyer9UKUV4rfoQ3T1RN8yDqoCLar86s0xQct5yblxAE+yWgRnU5/0FOlVCpTZpYSBV/bGWrSrQ==}
    engines: {node: ^14.18.0 || >=16.0.0}
    peerDependencies:
      vite: ^4.0.0
      vue: ^3.2.25
    dependencies:
      vite: 4.2.1
      vue: 3.2.47
    dev: true

  /@volar/language-core/1.3.0-alpha.0:
    resolution: {integrity: sha512-W3uMzecHPcbwddPu4SJpUcPakRBK/y/BP+U0U6NiPpUX1tONLC4yCawt+QBJqtgJ+sfD6ztf5PyvPL3hQRqfOA==}
    dependencies:
      '@volar/source-map': 1.3.0-alpha.0
    dev: true

  /@volar/source-map/1.3.0-alpha.0:
    resolution: {integrity: sha512-jSdizxWFvDTvkPYZnO6ew3sBZUnS0abKCbuopkc0JrIlFbznWC/fPH3iPFIMS8/IIkRxq1Jh9VVG60SmtsdaMQ==}
    dependencies:
      muggle-string: 0.2.2
    dev: true

  /@volar/typescript/1.3.0-alpha.0:
    resolution: {integrity: sha512-5UItyW2cdH2mBLu4RrECRNJRgtvvzKrSCn2y3v/D61QwIDkGx4aeil6x8RFuUL5TFtV6QvVHXnsOHxNgd+sCow==}
    dependencies:
      '@volar/language-core': 1.3.0-alpha.0
    dev: true

  /@volar/vue-language-core/1.2.0:
    resolution: {integrity: sha512-w7yEiaITh2WzKe6u8ZdeLKCUz43wdmY/OqAmsB/PGDvvhTcVhCJ6f0W/RprZL1IhqH8wALoWiwEh/Wer7ZviMQ==}
    dependencies:
      '@volar/language-core': 1.3.0-alpha.0
      '@volar/source-map': 1.3.0-alpha.0
      '@vue/compiler-dom': 3.2.47
      '@vue/compiler-sfc': 3.2.47
      '@vue/reactivity': 3.2.47
      '@vue/shared': 3.2.47
      minimatch: 6.2.0
      muggle-string: 0.2.2
      vue-template-compiler: 2.7.14
    dev: true

  /@volar/vue-typescript/1.2.0:
    resolution: {integrity: sha512-zjmRi9y3J1EkG+pfuHp8IbHmibihrKK485cfzsHjiuvJMGrpkWvlO5WVEk8oslMxxeGC5XwBFE9AOlvh378EPA==}
    dependencies:
      '@volar/typescript': 1.3.0-alpha.0
      '@volar/vue-language-core': 1.2.0
    dev: true

  /@vue/compiler-core/3.2.47:
    resolution: {integrity: sha512-p4D7FDnQb7+YJmO2iPEv0SQNeNzcbHdGByJDsT4lynf63AFkOTFN07HsiRSvjGo0QrxR/o3d0hUyNCUnBU2Tig==}
    dependencies:
      '@babel/parser': 7.21.3
      '@vue/shared': 3.2.47
      estree-walker: 2.0.2
      source-map: 0.6.1

  /@vue/compiler-dom/3.2.47:
    resolution: {integrity: sha512-dBBnEHEPoftUiS03a4ggEig74J2YBZ2UIeyfpcRM2tavgMWo4bsEfgCGsu+uJIL/vax9S+JztH8NmQerUo7shQ==}
    dependencies:
      '@vue/compiler-core': 3.2.47
      '@vue/shared': 3.2.47

  /@vue/compiler-sfc/3.2.47:
    resolution: {integrity: sha512-rog05W+2IFfxjMcFw10tM9+f7i/+FFpZJJ5XHX72NP9eC2uRD+42M3pYcQqDXVYoj74kHMSEdQ/WmCjt8JFksQ==}
    dependencies:
      '@babel/parser': 7.21.3
      '@vue/compiler-core': 3.2.47
      '@vue/compiler-dom': 3.2.47
      '@vue/compiler-ssr': 3.2.47
      '@vue/reactivity-transform': 3.2.47
      '@vue/shared': 3.2.47
      estree-walker: 2.0.2
      magic-string: 0.25.9
      postcss: 8.4.21
      source-map: 0.6.1

  /@vue/compiler-ssr/3.2.47:
    resolution: {integrity: sha512-wVXC+gszhulcMD8wpxMsqSOpvDZ6xKXSVWkf50Guf/S+28hTAXPDYRTbLQ3EDkOP5Xz/+SY37YiwDquKbJOgZw==}
    dependencies:
      '@vue/compiler-dom': 3.2.47
      '@vue/shared': 3.2.47

  /@vue/devtools-api/6.5.0:
    resolution: {integrity: sha512-o9KfBeaBmCKl10usN4crU53fYtC1r7jJwdGKjPT24t348rHxgfpZ0xL3Xm/gLUYnc0oTp8LAmrxOeLyu6tbk2Q==}
    dev: false

  /@vue/reactivity-transform/3.2.47:
    resolution: {integrity: sha512-m8lGXw8rdnPVVIdIFhf0LeQ/ixyHkH5plYuS83yop5n7ggVJU+z5v0zecwEnX7fa7HNLBhh2qngJJkxpwEEmYA==}
    dependencies:
      '@babel/parser': 7.21.3
      '@vue/compiler-core': 3.2.47
      '@vue/shared': 3.2.47
      estree-walker: 2.0.2
      magic-string: 0.25.9

  /@vue/reactivity/3.2.47:
    resolution: {integrity: sha512-7khqQ/75oyyg+N/e+iwV6lpy1f5wq759NdlS1fpAhFXa8VeAIKGgk2E/C4VF59lx5b+Ezs5fpp/5WsRYXQiKxQ==}
    dependencies:
      '@vue/shared': 3.2.47

  /@vue/runtime-core/3.2.47:
    resolution: {integrity: sha512-RZxbLQIRB/K0ev0K9FXhNbBzT32H9iRtYbaXb0ZIz2usLms/D55dJR2t6cIEUn6vyhS3ALNvNthI+Q95C+NOpA==}
    dependencies:
      '@vue/reactivity': 3.2.47
      '@vue/shared': 3.2.47

  /@vue/runtime-dom/3.2.47:
    resolution: {integrity: sha512-ArXrFTjS6TsDei4qwNvgrdmHtD930KgSKGhS5M+j8QxXrDJYLqYw4RRcDy1bz1m1wMmb6j+zGLifdVHtkXA7gA==}
    dependencies:
      '@vue/runtime-core': 3.2.47
      '@vue/shared': 3.2.47
      csstype: 2.6.21

  /@vue/server-renderer/3.2.47_vue@3.2.47:
    resolution: {integrity: sha512-dN9gc1i8EvmP9RCzvneONXsKfBRgqFeFZLurmHOveL7oH6HiFXJw5OGu294n1nHc/HMgTy6LulU/tv5/A7f/LA==}
    peerDependencies:
      vue: 3.2.47
    dependencies:
      '@vue/compiler-ssr': 3.2.47
      '@vue/shared': 3.2.47
      vue: 3.2.47

  /@vue/shared/3.2.47:
    resolution: {integrity: sha512-BHGyyGN3Q97EZx0taMQ+OLNuZcW3d37ZEVmEAyeoA9ERdGvm9Irc/0Fua8SNyOtV1w6BS4q25wbMzJujO9HIfQ==}

  /@vueuse/core/9.13.0_vue@3.2.47:
    resolution: {integrity: sha512-pujnclbeHWxxPRqXWmdkKV5OX4Wk4YeK7wusHqRwU0Q7EFusHoqNA/aPhB6KCh9hEqJkLAJo7bb0Lh9b+OIVzw==}
    dependencies:
      '@types/web-bluetooth': 0.0.16
      '@vueuse/metadata': 9.13.0
      '@vueuse/shared': 9.13.0_vue@3.2.47
      vue-demi: 0.13.11_vue@3.2.47
    transitivePeerDependencies:
      - '@vue/composition-api'
      - vue
    dev: false

  /@vueuse/metadata/9.13.0:
    resolution: {integrity: sha512-gdU7TKNAUVlXXLbaF+ZCfte8BjRJQWPCa2J55+7/h+yDtzw3vOoGQDRXzI6pyKyo6bXFT5/QoPE4hAknExjRLQ==}
    dev: false

  /@vueuse/shared/9.13.0_vue@3.2.47:
    resolution: {integrity: sha512-UrnhU+Cnufu4S6JLCPZnkWh0WwZGUp72ktOF2DFptMlOs3TOdVv8xJN53zhHGARmVOsz5KqOls09+J1NR6sBKw==}
    dependencies:
      vue-demi: 0.13.11_vue@3.2.47
    transitivePeerDependencies:
      - '@vue/composition-api'
      - vue
    dev: false

  /balanced-match/1.0.2:
    resolution: {integrity: sha512-3oSeUO0TMV67hN1AmbXsK4yaqU7tjiHlbxRDZOpH0KW9+CeX4bRAaX0Anxt0tx2MrpRpWwQaPwIlISEJhYU5Pw==}
    dev: true

  /brace-expansion/2.0.1:
    resolution: {integrity: sha512-XnAIvQ8eM+kC6aULx6wuQiwVsnzsi9d3WxzV3FpWTGA19F621kwdbsAcFKXgKUHZWsy+mY6iL1sHTxWEFCytDA==}
    dependencies:
      balanced-match: 1.0.2
    dev: true

  /csstype/2.6.21:
    resolution: {integrity: sha512-Z1PhmomIfypOpoMjRQB70jfvy/wxT50qW08YXO5lMIJkrdq4yOTR+AW7FqutScmB9NkLwxo+jU+kZLbofZZq/w==}

  /de-indent/1.0.2:
    resolution: {integrity: sha512-e/1zu3xH5MQryN2zdVaF0OrdNLUbvWxzMbi+iNA6Bky7l1RoP8a2fIbRocyHclXt/arDrrR6lL3TqFD9pMQTsg==}
    dev: true

  /esbuild/0.17.12:
    resolution: {integrity: sha512-bX/zHl7Gn2CpQwcMtRogTTBf9l1nl+H6R8nUbjk+RuKqAE3+8FDulLA+pHvX7aA7Xe07Iwa+CWvy9I8Y2qqPKQ==}
    engines: {node: '>=12'}
    hasBin: true
    requiresBuild: true
    optionalDependencies:
      '@esbuild/android-arm': 0.17.12
      '@esbuild/android-arm64': 0.17.12
      '@esbuild/android-x64': 0.17.12
      '@esbuild/darwin-arm64': 0.17.12
      '@esbuild/darwin-x64': 0.17.12
      '@esbuild/freebsd-arm64': 0.17.12
      '@esbuild/freebsd-x64': 0.17.12
      '@esbuild/linux-arm': 0.17.12
      '@esbuild/linux-arm64': 0.17.12
      '@esbuild/linux-ia32': 0.17.12
      '@esbuild/linux-loong64': 0.17.12
      '@esbuild/linux-mips64el': 0.17.12
      '@esbuild/linux-ppc64': 0.17.12
      '@esbuild/linux-riscv64': 0.17.12
      '@esbuild/linux-s390x': 0.17.12
      '@esbuild/linux-x64': 0.17.12
      '@esbuild/netbsd-x64': 0.17.12
      '@esbuild/openbsd-x64': 0.17.12
      '@esbuild/sunos-x64': 0.17.12
      '@esbuild/win32-arm64': 0.17.12
      '@esbuild/win32-ia32': 0.17.12
      '@esbuild/win32-x64': 0.17.12
    dev: true

  /estree-walker/2.0.2:
    resolution: {integrity: sha512-Rfkk/Mp/DL7JVje3u18FxFujQlTNR2q6QfMSMB7AvCBx91NGj/ba3kCfza0f6dVDbw7YlRf/nDrn7pQrCCyQ/w==}

  /fsevents/2.3.2:
    resolution: {integrity: sha512-xiqMQR4xAeHTuB9uWm+fFRcIOgKBMiOBP+eXiyT7jsgVCq1bkVygt00oASowB7EdtpOHaaPgKt812P9ab+DDKA==}
    engines: {node: ^8.16.0 || ^10.6.0 || >=11.0.0}
    os: [darwin]
    requiresBuild: true
    dev: true
    optional: true

  /function-bind/1.1.1:
    resolution: {integrity: sha512-yIovAzMX49sF8Yl58fSCWJ5svSLuaibPxXQJFLmBObTuCr0Mf1KiPopGM9NiFjiYBCbfaa2Fh6breQ6ANVTI0A==}
    dev: true

  /has/1.0.3:
    resolution: {integrity: sha512-f2dvO0VU6Oej7RkWJGrehjbzMAjFp5/VKPp5tTpWIV4JHHZK1/BxbFRtf/siA2SWTe09caDmVtYYzWEIbBS4zw==}
    engines: {node: '>= 0.4.0'}
    dependencies:
      function-bind: 1.1.1
    dev: true

  /he/1.2.0:
    resolution: {integrity: sha512-F/1DnUGPopORZi0ni+CvrCgHQ5FyEAHRLSApuYWMmrbSwoN2Mn/7k+Gl38gJnR7yyDZk6WLXwiGod1JOWNDKGw==}
    hasBin: true
    dev: true

  /is-core-module/2.11.0:
    resolution: {integrity: sha512-RRjxlvLDkD1YJwDbroBHMb+cukurkDWNyHx7D3oNB5x9rb5ogcksMC5wHCadcXoo67gVr/+3GFySh3134zi6rw==}
    dependencies:
      has: 1.0.3
    dev: true

  /magic-string/0.25.9:
    resolution: {integrity: sha512-RmF0AsMzgt25qzqqLc1+MbHmhdx0ojF2Fvs4XnOqz2ZOBXzzkEwc/dJQZCYHAn7v1jbVOjAZfK8msRn4BxO4VQ==}
    dependencies:
      sourcemap-codec: 1.4.8

  /minimatch/6.2.0:
    resolution: {integrity: sha512-sauLxniAmvnhhRjFwPNnJKaPFYyddAgbYdeUpHULtCT/GhzdCx/MDNy+Y40lBxTQUrMzDE8e0S43Z5uqfO0REg==}
    engines: {node: '>=10'}
    dependencies:
      brace-expansion: 2.0.1
    dev: true

  /muggle-string/0.2.2:
    resolution: {integrity: sha512-YVE1mIJ4VpUMqZObFndk9CJu6DBJR/GB13p3tXuNbwD4XExaI5EOuRl6BHeIDxIqXZVxSfAC+y6U1Z/IxCfKUg==}
    dev: true

  /nanoid/3.3.4:
    resolution: {integrity: sha512-MqBkQh/OHTS2egovRtLk45wEyNXwF+cokD+1YPf9u5VfJiRdAiRwB2froX5Co9Rh20xs4siNPm8naNotSD6RBw==}
    engines: {node: ^10 || ^12 || ^13.7 || ^14 || >=15.0.1}
    hasBin: true

  /path-parse/1.0.7:
    resolution: {integrity: sha512-LDJzPVEEEPR+y48z93A0Ed0yXb8pAByGWo/k5YYdYgpY2/2EsOsksJrq7lOHxryrVOn1ejG6oAp8ahvOIQD8sw==}
    dev: true

  /picocolors/1.0.0:
    resolution: {integrity: sha512-1fygroTLlHu66zi26VoTDv8yRgm0Fccecssto+MhsZ0D/DGW2sm8E8AjW7NU5VVTRt5GxbeZ5qBuJr+HyLYkjQ==}

  /postcss/8.4.21:
    resolution: {integrity: sha512-tP7u/Sn/dVxK2NnruI4H9BG+x+Wxz6oeZ1cJ8P6G/PZY0IKk4k/63TDsQf2kQq3+qoJeLm2kIBUNlZe3zgb4Zg==}
    engines: {node: ^10 || ^12 || >=14}
    dependencies:
      nanoid: 3.3.4
      picocolors: 1.0.0
      source-map-js: 1.0.2

  /resolve/1.22.1:
    resolution: {integrity: sha512-nBpuuYuY5jFsli/JIs1oldw6fOQCBioohqWZg/2hiaOybXOft4lonv85uDOKXdf8rhyK159cxU5cDcK/NKk8zw==}
    hasBin: true
    dependencies:
      is-core-module: 2.11.0
      path-parse: 1.0.7
      supports-preserve-symlinks-flag: 1.0.0
    dev: true

  /rollup/3.20.0:
    resolution: {integrity: sha512-YsIfrk80NqUDrxrjWPXUa7PWvAfegZEXHuPsEZg58fGCdjL1I9C1i/NaG+L+27kxxwkrG/QEDEQc8s/ynXWWGQ==}
    engines: {node: '>=14.18.0', npm: '>=8.0.0'}
    hasBin: true
    optionalDependencies:
      fsevents: 2.3.2
    dev: true

  /source-map-js/1.0.2:
    resolution: {integrity: sha512-R0XvVJ9WusLiqTCEiGCmICCMplcCkIwwR11mOSD9CR5u+IXYdiseeEuXCVAjS54zqwkLcPNnmU4OeJ6tUrWhDw==}
    engines: {node: '>=0.10.0'}

  /source-map/0.6.1:
    resolution: {integrity: sha512-UjgapumWlbMhkBgzT7Ykc5YXUT46F0iKu8SGXq0bcwP5dz/h0Plj6enJqjz1Zbq2l5WaqYnrVbwWOWMyF3F47g==}
    engines: {node: '>=0.10.0'}

  /sourcemap-codec/1.4.8:
    resolution: {integrity: sha512-9NykojV5Uih4lgo5So5dtw+f0JgJX30KCNI8gwhz2J9A15wD0Ml6tjHKwf6fTSa6fAdVBdZeNOs9eJ71qCk8vA==}
    deprecated: Please use @jridgewell/sourcemap-codec instead

  /supports-preserve-symlinks-flag/1.0.0:
    resolution: {integrity: sha512-ot0WnXS9fgdkgIcePe6RHNk1WA8+muPa6cSjeR3V8K27q9BB1rTE3R1p7Hv0z1ZyAc8s6Vvv8DIyWf681MAt0w==}
    engines: {node: '>= 0.4'}
    dev: true

  /to-fast-properties/2.0.0:
    resolution: {integrity: sha512-/OaKK0xYrs3DmxRYqL/yDc+FxFUVYhDlXMhRmv3z915w2HF1tnN1omB354j8VUGO/hbRzyD6Y3sA7v7GS/ceog==}
    engines: {node: '>=4'}

  /typescript/4.9.5:
    resolution: {integrity: sha512-1FXk9E2Hm+QzZQ7z+McJiHL4NW1F2EzMu9Nq9i3zAaGqibafqYwCVU6WyWAuyQRRzOlxou8xZSyXLEN8oKj24g==}
    engines: {node: '>=4.2.0'}
    hasBin: true
    dev: true

  /vite/4.2.1:
    resolution: {integrity: sha512-7MKhqdy0ISo4wnvwtqZkjke6XN4taqQ2TBaTccLIpOKv7Vp2h4Y+NpmWCnGDeSvvn45KxvWgGyb0MkHvY1vgbg==}
    engines: {node: ^14.18.0 || >=16.0.0}
    hasBin: true
    peerDependencies:
      '@types/node': '>= 14'
      less: '*'
      sass: '*'
      stylus: '*'
      sugarss: '*'
      terser: ^5.4.0
    peerDependenciesMeta:
      '@types/node':
        optional: true
      less:
        optional: true
      sass:
        optional: true
      stylus:
        optional: true
      sugarss:
        optional: true
      terser:
        optional: true
    dependencies:
      esbuild: 0.17.12
      postcss: 8.4.21
      resolve: 1.22.1
      rollup: 3.20.0
    optionalDependencies:
      fsevents: 2.3.2
    dev: true

  /vue-demi/0.13.11_vue@3.2.47:
    resolution: {integrity: sha512-IR8HoEEGM65YY3ZJYAjMlKygDQn25D5ajNFNoKh9RSDMQtlzCxtfQjdQgv9jjK+m3377SsJXY8ysq8kLCZL25A==}
    engines: {node: '>=12'}
    hasBin: true
    requiresBuild: true
    peerDependencies:
      '@vue/composition-api': ^1.0.0-rc.1
      vue: ^3.0.0-0 || ^2.6.0
    peerDependenciesMeta:
      '@vue/composition-api':
        optional: true
    dependencies:
      vue: 3.2.47
    dev: false

  /vue-router/4.1.6_vue@3.2.47:
    resolution: {integrity: sha512-DYWYwsG6xNPmLq/FmZn8Ip+qrhFEzA14EI12MsMgVxvHFDYvlr4NXpVF5hrRH1wVcDP8fGi5F4rxuJSl8/r+EQ==}
    peerDependencies:
      vue: ^3.2.0
    dependencies:
      '@vue/devtools-api': 6.5.0
      vue: 3.2.47
    dev: false

  /vue-template-compiler/2.7.14:
    resolution: {integrity: sha512-zyA5Y3ArvVG0NacJDkkzJuPQDF8RFeRlzV2vLeSnhSpieO6LK2OVbdLPi5MPPs09Ii+gMO8nY4S3iKQxBxDmWQ==}
    dependencies:
      de-indent: 1.0.2
      he: 1.2.0
    dev: true

  /vue-tsc/1.2.0_typescript@4.9.5:
    resolution: {integrity: sha512-rIlzqdrhyPYyLG9zxsVRa+JEseeS9s8F2BbVVVWRRsTZvJO2BbhLEb2HW3MY+DFma0378tnIqs+vfTzbcQtRFw==}
    hasBin: true
    peerDependencies:
      typescript: '*'
    dependencies:
      '@volar/vue-language-core': 1.2.0
      '@volar/vue-typescript': 1.2.0
      typescript: 4.9.5
    dev: true

  /vue/3.2.47:
    resolution: {integrity: sha512-60188y/9Dc9WVrAZeUVSDxRQOZ+z+y5nO2ts9jWXSTkMvayiWxCWOWtBQoYjLeccfXkiiPZWAHcV+WTPhkqJHQ==}
    dependencies:
      '@vue/compiler-dom': 3.2.47
      '@vue/compiler-sfc': 3.2.47
      '@vue/runtime-dom': 3.2.47
      '@vue/server-renderer': 3.2.47_vue@3.2.47
      '@vue/shared': 3.2.47
